
Microsoft Visual Studio Solution File, Format Version 12.00
# Visual Studio Version 17
VisualStudioVersion = 17.0.31903.59
MinimumVisualStudioVersion = 10.0.40219.1
Project("{2150E333-8FDC-42A3-9474-1A3956D46DE8}") = "Payment", "Payment", "{9B53638A-A020-4AA3-9C2B-994295BA7470}"
EndProject
Project("{2150E333-8FDC-42A3-9474-1A3956D46DE8}") = "Restaurant", "Restaurant", "{AF27DF0D-FAB9-46B8-ACFA-F2AFD3D99302}"
EndProject
Project("{2150E333-8FDC-42A3-9474-1A3956D46DE8}") = "Chat", "Chat", "{E44A5FEC-029D-4E67-9ECD-08B9F5F3D467}"
EndProject
Project("{2150E333-8FDC-42A3-9474-1A3956D46DE8}") = "EntityScreening", "EntityScreening", "{26C5D436-9445-4DA5-87A1-BE403C0DD196}"
EndProject
Project("{2150E333-8FDC-42A3-9474-1A3956D46DE8}") = "Identity", "Identity", "{925848F0-0A77-4F7D-961D-5D1314646B52}"
EndProject
Project("{2150E333-8FDC-42A3-9474-1A3956D46DE8}") = "Notifications", "Notifications", "{2CE62B5D-102C-4488-A1D2-350BA7BC6E3D}"
EndProject
Project("{2150E333-8FDC-42A3-9474-1A3956D46DE8}") = "Profiles", "Profiles", "{234099EE-8584-4BAA-9B25-4C573EC4211F}"
EndProject
Project("{2150E333-8FDC-42A3-9474-1A3956D46DE8}") = "Reporting", "Reporting", "{5992DD6F-B224-4C99-824E-C1CD20B78FEC}"
EndProject
Project("{2150E333-8FDC-42A3-9474-1A3956D46DE8}") = "Statistics", "Statistics", "{303B72DA-93C5-4ABE-B9B2-AE9433EF5867}"
EndProject
Project("{9A19103F-16F7-4668-BE54-9A1E7A4F7556}") = "TT.Chat", "Services\Chat\src\TT.Chat\TT.Chat.csproj", "{F3846622-89BB-475B-808D-C41D14A3C974}"
EndProject
Project("{9A19103F-16F7-4668-BE54-9A1E7A4F7556}") = "TT.Chat.Domain", "Services\Chat\src\TT.Chat.Domain\TT.Chat.Domain.csproj", "{25C51581-8837-4DE0-9303-445DB46CAD69}"
EndProject
Project("{9A19103F-16F7-4668-BE54-9A1E7A4F7556}") = "TT.Chat.Application", "Services\Chat\src\TT.Chat.Application\TT.Chat.Application.csproj", "{A8DFEB1F-D3A9-468D-8C36-8DDD5945EC8C}"
EndProject
Project("{9A19103F-16F7-4668-BE54-9A1E7A4F7556}") = "TT.Chat.Infrastructure", "Services\Chat\src\TT.Chat.Infrastructure\TT.Chat.Infrastructure.csproj", "{7C943306-C022-4B59-A50D-4EBDA8CB0B96}"
EndProject
Project("{9A19103F-16F7-4668-BE54-9A1E7A4F7556}") = "TT.EntityScreening", "Services\EntityScreening\src\TT.EntityScreening\TT.EntityScreening.csproj", "{D3353260-0123-4FEA-BE47-01C1FB6DE179}"
EndProject
Project("{9A19103F-16F7-4668-BE54-9A1E7A4F7556}") = "TT.EntityScreening.Domain", "Services\EntityScreening\src\TT.EntityScreening.Domain\TT.EntityScreening.Domain.csproj", "{25C51583-8837-4DE0-9303-445DB46CAD69}"
EndProject
Project("{9A19103F-16F7-4668-BE54-9A1E7A4F7556}") = "TT.EntityScreening.Application", "Services\EntityScreening\src\TT.EntityScreening.Application\TT.EntityScreening.Application.csproj", "{A8DFEB1F-D3A9-568D-8C36-8DDD5945EC8C}"
EndProject
Project("{9A19103F-16F7-4668-BE54-9A1E7A4F7556}") = "TT.EntityScreening.Infrastructure", "Services\EntityScreening\src\TT.EntityScreening.Infrastructure\TT.EntityScreening.Infrastructure.csproj", "{7CD43306-C022-4B59-A50D-4EBDA8CB0B96}"
EndProject
Project("{9A19103F-16F7-4668-BE54-9A1E7A4F7556}") = "TT.Identity", "Services\Identity\src\TT.Identity\TT.Identity.csproj", "{0E9E616F-58E1-4630-9C17-4E06766F5D98}"
EndProject
Project("{9A19103F-16F7-4668-BE54-9A1E7A4F7556}") = "TT.Notifications", "Services\Notifications\src\TT.Notifications\TT.Notifications.csproj", "{82121E2C-1C13-4FCC-A009-0D02020BC171}"
EndProject
Project("{9A19103F-16F7-4668-BE54-9A1E7A4F7556}") = "TT.Payment", "Services\Payment\src\TT.Payment\TT.Payment.csproj", "{AD80423F-7AC9-4C79-BEAA-FE42DEE754F7}"
EndProject
Project("{9A19103F-16F7-4668-BE54-9A1E7A4F7556}") = "TT.Profiles", "Services\Profiles\src\TT.Profiles\TT.Profiles.csproj", "{C2805B0B-A924-4A0C-B7ED-CEC00B55A868}"
EndProject
Project("{9A19103F-16F7-4668-BE54-9A1E7A4F7556}") = "TT.Reporting", "Services\Reporting\src\TT.Reporting\TT.Reporting.csproj", "{54FEF0CE-780D-437C-A5F9-C46828DECA46}"
EndProject
Project("{9A19103F-16F7-4668-BE54-9A1E7A4F7556}") = "TT.Restaurant", "Services\Restaurant\src\TT.Restaurant\TT.Restaurant.csproj", "{95BAE11A-2A24-459B-846A-622ED4E81965}"
EndProject
Project("{9A19103F-16F7-4668-BE54-9A1E7A4F7556}") = "TT.Statistics", "Services\Statistics\src\TT.Statistics\TT.Statistics.csproj", "{612961D2-DFF6-444D-A5D8-1E9A96B19F90}"
EndProject
Project("{2150E333-8FDC-42A3-9474-1A3956D46DE8}") = "Services", "Services", "{67E818CE-F3A4-4592-A415-BE93CEBD74E0}"
EndProject
Project("{2150E333-8FDC-42A3-9474-1A3956D46DE8}") = "_SolutionItems", "_SolutionItems", "{8D86D01B-9415-4043-9DD9-451747F9BC1E}"
	ProjectSection(SolutionItems) = preProject
		.editorconfig = .editorconfig
	EndProjectSection
EndProject
Project("{FAE04EC0-301F-11D3-BF4B-00C04F79EFBC}") = "TT.Notifications.Application", "Services\Notifications\src\TT.Notifications.Application\TT.Notifications.Application.csproj", "{8F50A7DD-C84D-489A-BA9A-BB1D0A708733}"
EndProject
Project("{FAE04EC0-301F-11D3-BF4B-00C04F79EFBC}") = "TT.Notifications.Domain", "Services\Notifications\src\TT.Notifications.Domain\TT.Notifications.Domain.csproj", "{424D452C-7FD7-4F99-8F00-21B1E52F8A93}"
EndProject
Project("{FAE04EC0-301F-11D3-BF4B-00C04F79EFBC}") = "TT.Notifications.Infrastructure", "Services\Notifications\src\TT.Notifications.Infrastructure\TT.Notifications.Infrastructure.csproj", "{F62BB698-3CEC-4728-9F3F-A050FC2B45CC}"
EndProject
Project("{FAE04EC0-301F-11D3-BF4B-00C04F79EFBC}") = "TT.Payment.Application", "Services\Payment\src\TT.Payment.Application\TT.Payment.Application.csproj", "{07BF9657-7BF4-4AB4-8536-08EBA4AC6A02}"
EndProject
Project("{FAE04EC0-301F-11D3-BF4B-00C04F79EFBC}") = "TT.Payment.Domain", "Services\Payment\src\TT.Payment.Domain\TT.Payment.Domain.csproj", "{9F18023B-5BD9-4F85-AB21-95DE5A0E4437}"
EndProject
Project("{FAE04EC0-301F-11D3-BF4B-00C04F79EFBC}") = "TT.Payment.Infrastructure", "Services\Payment\src\TT.Payment.Infrastructure\TT.Payment.Infrastructure.csproj", "{D005DF67-B39C-412C-817E-C98C4CDD2DD3}"
EndProject
Project("{FAE04EC0-301F-11D3-BF4B-00C04F79EFBC}") = "TT.Profiles.Application", "Services\Profiles\src\TT.Profiles.Application\TT.Profiles.Application.csproj", "{6BF444DF-9090-4A6F-A1EA-706F993A6D18}"
EndProject
Project("{FAE04EC0-301F-11D3-BF4B-00C04F79EFBC}") = "TT.Profiles.Domain", "Services\Profiles\src\TT.Profiles.Domain\TT.Profiles.Domain.csproj", "{2459979C-6FB8-4CF2-BEC6-CBD21BC5F0FE}"
EndProject
Project("{FAE04EC0-301F-11D3-BF4B-00C04F79EFBC}") = "TT.Profiles.Infrastructure", "Services\Profiles\src\TT.Profiles.Infrastructure\TT.Profiles.Infrastructure.csproj", "{44B97871-BEE1-48D6-957D-47FE8F52EC51}"
EndProject
Project("{FAE04EC0-301F-11D3-BF4B-00C04F79EFBC}") = "TT.Reporting.Application", "Services\Reporting\src\TT.Reporting.Application\TT.Reporting.Application.csproj", "{1943A044-C143-449C-8006-1A11C9553B42}"
EndProject
Project("{FAE04EC0-301F-11D3-BF4B-00C04F79EFBC}") = "TT.Reporting.Infrastructure", "Services\Reporting\src\TT.Reporting.Infrastructure\TT.Reporting.Infrastructure.csproj", "{A7D726E4-A384-43BE-A1A4-29AED9CB5B1F}"
EndProject
Project("{FAE04EC0-301F-11D3-BF4B-00C04F79EFBC}") = "TT.Reporting.Domain", "Services\Reporting\src\TT.Reporting.Domain\TT.Reporting.Domain.csproj", "{566989ED-4D6A-461D-B495-1DD04D297ABC}"
EndProject
Project("{FAE04EC0-301F-11D3-BF4B-00C04F79EFBC}") = "TT.Restaurant.Application", "Services\Restaurant\src\TT.Restaurant.Application\TT.Restaurant.Application.csproj", "{4F3D9B9F-A9D5-4290-A668-4EFC006695F6}"
EndProject
Project("{FAE04EC0-301F-11D3-BF4B-00C04F79EFBC}") = "TT.Restaurant.Infrastructure", "Services\Restaurant\src\TT.Restaurant.Infrastructure\TT.Restaurant.Infrastructure.csproj", "{BCDAF1A9-4492-41E7-AB49-2155A6E41A47}"
EndProject
Project("{FAE04EC0-301F-11D3-BF4B-00C04F79EFBC}") = "TT.Restaurant.Domain", "Services\Restaurant\src\TT.Restaurant.Domain\TT.Restaurant.Domain.csproj", "{C3134F0E-3421-465E-B827-C895FC98BBF0}"
EndProject
Global
	GlobalSection(SolutionConfigurationPlatforms) = preSolution
		Debug|Any CPU = Debug|Any CPU
		Release|Any CPU = Release|Any CPU
	EndGlobalSection
	GlobalSection(ProjectConfigurationPlatforms) = postSolution
		{F3846622-89BB-475B-808D-C41D14A3C974}.Debug|Any CPU.ActiveCfg = Debug|Any CPU
		{F3846622-89BB-475B-808D-C41D14A3C974}.Debug|Any CPU.Build.0 = Debug|Any CPU
		{F3846622-89BB-475B-808D-C41D14A3C974}.Release|Any CPU.ActiveCfg = Release|Any CPU
		{F3846622-89BB-475B-808D-C41D14A3C974}.Release|Any CPU.Build.0 = Release|Any CPU
		{25C51581-8837-4DE0-9303-445DB46CAD69}.Debug|Any CPU.ActiveCfg = Debug|Any CPU
		{25C51581-8837-4DE0-9303-445DB46CAD69}.Debug|Any CPU.Build.0 = Debug|Any CPU
		{25C51581-8837-4DE0-9303-445DB46CAD69}.Release|Any CPU.ActiveCfg = Release|Any CPU
		{25C51581-8837-4DE0-9303-445DB46CAD69}.Release|Any CPU.Build.0 = Release|Any CPU
		{A8DFEB1F-D3A9-468D-8C36-8DDD5945EC8C}.Debug|Any CPU.ActiveCfg = Debug|Any CPU
		{A8DFEB1F-D3A9-468D-8C36-8DDD5945EC8C}.Debug|Any CPU.Build.0 = Debug|Any CPU
		{A8DFEB1F-D3A9-468D-8C36-8DDD5945EC8C}.Release|Any CPU.ActiveCfg = Release|Any CPU
		{A8DFEB1F-D3A9-468D-8C36-8DDD5945EC8C}.Release|Any CPU.Build.0 = Release|Any CPU
		{7C943306-C022-4B59-A50D-4EBDA8CB0B96}.Debug|Any CPU.ActiveCfg = Debug|Any CPU
		{7C943306-C022-4B59-A50D-4EBDA8CB0B96}.Debug|Any CPU.Build.0 = Debug|Any CPU
		{7C943306-C022-4B59-A50D-4EBDA8CB0B96}.Release|Any CPU.ActiveCfg = Release|Any CPU
		{7C943306-C022-4B59-A50D-4EBDA8CB0B96}.Release|Any CPU.Build.0 = Release|Any CPU
		{D3353260-0123-4FEA-BE47-01C1FB6DE179}.Debug|Any CPU.ActiveCfg = Debug|Any CPU
		{D3353260-0123-4FEA-BE47-01C1FB6DE179}.Debug|Any CPU.Build.0 = Debug|Any CPU
		{D3353260-0123-4FEA-BE47-01C1FB6DE179}.Release|Any CPU.ActiveCfg = Release|Any CPU
		{D3353260-0123-4FEA-BE47-01C1FB6DE179}.Release|Any CPU.Build.0 = Release|Any CPU
		{25C51583-8837-4DE0-9303-445DB46CAD69}.Debug|Any CPU.ActiveCfg = Debug|Any CPU
		{25C51583-8837-4DE0-9303-445DB46CAD69}.Debug|Any CPU.Build.0 = Debug|Any CPU
		{25C51583-8837-4DE0-9303-445DB46CAD69}.Release|Any CPU.ActiveCfg = Release|Any CPU
		{25C51583-8837-4DE0-9303-445DB46CAD69}.Release|Any CPU.Build.0 = Release|Any CPU
		{A8DFEB1F-D3A9-568D-8C36-8DDD5945EC8C}.Debug|Any CPU.ActiveCfg = Debug|Any CPU
		{A8DFEB1F-D3A9-568D-8C36-8DDD5945EC8C}.Debug|Any CPU.Build.0 = Debug|Any CPU
		{A8DFEB1F-D3A9-568D-8C36-8DDD5945EC8C}.Release|Any CPU.ActiveCfg = Release|Any CPU
		{A8DFEB1F-D3A9-568D-8C36-8DDD5945EC8C}.Release|Any CPU.Build.0 = Release|Any CPU
		{7CD43306-C022-4B59-A50D-4EBDA8CB0B96}.Debug|Any CPU.ActiveCfg = Debug|Any CPU
		{7CD43306-C022-4B59-A50D-4EBDA8CB0B96}.Debug|Any CPU.Build.0 = Debug|Any CPU
		{7CD43306-C022-4B59-A50D-4EBDA8CB0B96}.Release|Any CPU.ActiveCfg = Release|Any CPU
		{7CD43306-C022-4B59-A50D-4EBDA8CB0B96}.Release|Any CPU.Build.0 = Release|Any CPU
		{0E9E616F-58E1-4630-9C17-4E06766F5D98}.Debug|Any CPU.ActiveCfg = Debug|Any CPU
		{0E9E616F-58E1-4630-9C17-4E06766F5D98}.Debug|Any CPU.Build.0 = Debug|Any CPU
		{0E9E616F-58E1-4630-9C17-4E06766F5D98}.Release|Any CPU.ActiveCfg = Release|Any CPU
		{0E9E616F-58E1-4630-9C17-4E06766F5D98}.Release|Any CPU.Build.0 = Release|Any CPU
		{82121E2C-1C13-4FCC-A009-0D02020BC171}.Debug|Any CPU.ActiveCfg = Debug|Any CPU
		{82121E2C-1C13-4FCC-A009-0D02020BC171}.Debug|Any CPU.Build.0 = Debug|Any CPU
		{82121E2C-1C13-4FCC-A009-0D02020BC171}.Release|Any CPU.ActiveCfg = Release|Any CPU
		{82121E2C-1C13-4FCC-A009-0D02020BC171}.Release|Any CPU.Build.0 = Release|Any CPU
		{AD80423F-7AC9-4C79-BEAA-FE42DEE754F7}.Debug|Any CPU.ActiveCfg = Debug|Any CPU
		{AD80423F-7AC9-4C79-BEAA-FE42DEE754F7}.Debug|Any CPU.Build.0 = Debug|Any CPU
		{AD80423F-7AC9-4C79-BEAA-FE42DEE754F7}.Release|Any CPU.ActiveCfg = Release|Any CPU
		{AD80423F-7AC9-4C79-BEAA-FE42DEE754F7}.Release|Any CPU.Build.0 = Release|Any CPU
		{C2805B0B-A924-4A0C-B7ED-CEC00B55A868}.Debug|Any CPU.ActiveCfg = Debug|Any CPU
		{C2805B0B-A924-4A0C-B7ED-CEC00B55A868}.Debug|Any CPU.Build.0 = Debug|Any CPU
		{C2805B0B-A924-4A0C-B7ED-CEC00B55A868}.Release|Any CPU.ActiveCfg = Release|Any CPU
		{C2805B0B-A924-4A0C-B7ED-CEC00B55A868}.Release|Any CPU.Build.0 = Release|Any CPU
		{54FEF0CE-780D-437C-A5F9-C46828DECA46}.Debug|Any CPU.ActiveCfg = Debug|Any CPU
		{54FEF0CE-780D-437C-A5F9-C46828DECA46}.Debug|Any CPU.Build.0 = Debug|Any CPU
		{54FEF0CE-780D-437C-A5F9-C46828DECA46}.Release|Any CPU.ActiveCfg = Release|Any CPU
		{54FEF0CE-780D-437C-A5F9-C46828DECA46}.Release|Any CPU.Build.0 = Release|Any CPU
		{95BAE11A-2A24-459B-846A-622ED4E81965}.Debug|Any CPU.ActiveCfg = Debug|Any CPU
		{95BAE11A-2A24-459B-846A-622ED4E81965}.Debug|Any CPU.Build.0 = Debug|Any CPU
		{95BAE11A-2A24-459B-846A-622ED4E81965}.Release|Any CPU.ActiveCfg = Release|Any CPU
		{95BAE11A-2A24-459B-846A-622ED4E81965}.Release|Any CPU.Build.0 = Release|Any CPU
		{612961D2-DFF6-444D-A5D8-1E9A96B19F90}.Debug|Any CPU.ActiveCfg = Debug|Any CPU
		{612961D2-DFF6-444D-A5D8-1E9A96B19F90}.Debug|Any CPU.Build.0 = Debug|Any CPU
		{612961D2-DFF6-444D-A5D8-1E9A96B19F90}.Release|Any CPU.ActiveCfg = Release|Any CPU
		{612961D2-DFF6-444D-A5D8-1E9A96B19F90}.Release|Any CPU.Build.0 = Release|Any CPU
		{8F50A7DD-C84D-489A-BA9A-BB1D0A708733}.Debug|Any CPU.ActiveCfg = Debug|Any CPU
		{8F50A7DD-C84D-489A-BA9A-BB1D0A708733}.Debug|Any CPU.Build.0 = Debug|Any CPU
		{8F50A7DD-C84D-489A-BA9A-BB1D0A708733}.Release|Any CPU.ActiveCfg = Release|Any CPU
		{8F50A7DD-C84D-489A-BA9A-BB1D0A708733}.Release|Any CPU.Build.0 = Release|Any CPU
		{424D452C-7FD7-4F99-8F00-21B1E52F8A93}.Debug|Any CPU.ActiveCfg = Debug|Any CPU
		{424D452C-7FD7-4F99-8F00-21B1E52F8A93}.Debug|Any CPU.Build.0 = Debug|Any CPU
		{424D452C-7FD7-4F99-8F00-21B1E52F8A93}.Release|Any CPU.ActiveCfg = Release|Any CPU
		{424D452C-7FD7-4F99-8F00-21B1E52F8A93}.Release|Any CPU.Build.0 = Release|Any CPU
		{F62BB698-3CEC-4728-9F3F-A050FC2B45CC}.Debug|Any CPU.ActiveCfg = Debug|Any CPU
		{F62BB698-3CEC-4728-9F3F-A050FC2B45CC}.Debug|Any CPU.Build.0 = Debug|Any CPU
		{F62BB698-3CEC-4728-9F3F-A050FC2B45CC}.Release|Any CPU.ActiveCfg = Release|Any CPU
		{F62BB698-3CEC-4728-9F3F-A050FC2B45CC}.Release|Any CPU.Build.0 = Release|Any CPU
		{07BF9657-7BF4-4AB4-8536-08EBA4AC6A02}.Debug|Any CPU.ActiveCfg = Debug|Any CPU
		{07BF9657-7BF4-4AB4-8536-08EBA4AC6A02}.Debug|Any CPU.Build.0 = Debug|Any CPU
		{07BF9657-7BF4-4AB4-8536-08EBA4AC6A02}.Release|Any CPU.ActiveCfg = Release|Any CPU
		{07BF9657-7BF4-4AB4-8536-08EBA4AC6A02}.Release|Any CPU.Build.0 = Release|Any CPU
		{9F18023B-5BD9-4F85-AB21-95DE5A0E4437}.Debug|Any CPU.ActiveCfg = Debug|Any CPU
		{9F18023B-5BD9-4F85-AB21-95DE5A0E4437}.Debug|Any CPU.Build.0 = Debug|Any CPU
		{9F18023B-5BD9-4F85-AB21-95DE5A0E4437}.Release|Any CPU.ActiveCfg = Release|Any CPU
		{9F18023B-5BD9-4F85-AB21-95DE5A0E4437}.Release|Any CPU.Build.0 = Release|Any CPU
		{D005DF67-B39C-412C-817E-C98C4CDD2DD3}.Debug|Any CPU.ActiveCfg = Debug|Any CPU
		{D005DF67-B39C-412C-817E-C98C4CDD2DD3}.Debug|Any CPU.Build.0 = Debug|Any CPU
		{D005DF67-B39C-412C-817E-C98C4CDD2DD3}.Release|Any CPU.ActiveCfg = Release|Any CPU
		{D005DF67-B39C-412C-817E-C98C4CDD2DD3}.Release|Any CPU.Build.0 = Release|Any CPU
		{6BF444DF-9090-4A6F-A1EA-706F993A6D18}.Debug|Any CPU.ActiveCfg = Debug|Any CPU
		{6BF444DF-9090-4A6F-A1EA-706F993A6D18}.Debug|Any CPU.Build.0 = Debug|Any CPU
		{6BF444DF-9090-4A6F-A1EA-706F993A6D18}.Release|Any CPU.ActiveCfg = Release|Any CPU
		{6BF444DF-9090-4A6F-A1EA-706F993A6D18}.Release|Any CPU.Build.0 = Release|Any CPU
		{2459979C-6FB8-4CF2-BEC6-CBD21BC5F0FE}.Debug|Any CPU.ActiveCfg = Debug|Any CPU
		{2459979C-6FB8-4CF2-BEC6-CBD21BC5F0FE}.Debug|Any CPU.Build.0 = Debug|Any CPU
		{2459979C-6FB8-4CF2-BEC6-CBD21BC5F0FE}.Release|Any CPU.ActiveCfg = Release|Any CPU
		{2459979C-6FB8-4CF2-BEC6-CBD21BC5F0FE}.Release|Any CPU.Build.0 = Release|Any CPU
		{44B97871-BEE1-48D6-957D-47FE8F52EC51}.Debug|Any CPU.ActiveCfg = Debug|Any CPU
		{44B97871-BEE1-48D6-957D-47FE8F52EC51}.Debug|Any CPU.Build.0 = Debug|Any CPU
		{44B97871-BEE1-48D6-957D-47FE8F52EC51}.Release|Any CPU.ActiveCfg = Release|Any CPU
		{44B97871-BEE1-48D6-957D-47FE8F52EC51}.Release|Any CPU.Build.0 = Release|Any CPU
		{1943A044-C143-449C-8006-1A11C9553B42}.Debug|Any CPU.ActiveCfg = Debug|Any CPU
		{1943A044-C143-449C-8006-1A11C9553B42}.Debug|Any CPU.Build.0 = Debug|Any CPU
		{1943A044-C143-449C-8006-1A11C9553B42}.Release|Any CPU.ActiveCfg = Release|Any CPU
		{1943A044-C143-449C-8006-1A11C9553B42}.Release|Any CPU.Build.0 = Release|Any CPU
		{A7D726E4-A384-43BE-A1A4-29AED9CB5B1F}.Debug|Any CPU.ActiveCfg = Debug|Any CPU
		{A7D726E4-A384-43BE-A1A4-29AED9CB5B1F}.Debug|Any CPU.Build.0 = Debug|Any CPU
		{A7D726E4-A384-43BE-A1A4-29AED9CB5B1F}.Release|Any CPU.ActiveCfg = Release|Any CPU
		{A7D726E4-A384-43BE-A1A4-29AED9CB5B1F}.Release|Any CPU.Build.0 = Release|Any CPU
		{566989ED-4D6A-461D-B495-1DD04D297ABC}.Debug|Any CPU.ActiveCfg = Debug|Any CPU
		{566989ED-4D6A-461D-B495-1DD04D297ABC}.Debug|Any CPU.Build.0 = Debug|Any CPU
		{566989ED-4D6A-461D-B495-1DD04D297ABC}.Release|Any CPU.ActiveCfg = Release|Any CPU
		{566989ED-4D6A-461D-B495-1DD04D297ABC}.Release|Any CPU.Build.0 = Release|Any CPU
		{4F3D9B9F-A9D5-4290-A668-4EFC006695F6}.Debug|Any CPU.ActiveCfg = Debug|Any CPU
		{4F3D9B9F-A9D5-4290-A668-4EFC006695F6}.Debug|Any CPU.Build.0 = Debug|Any CPU
		{4F3D9B9F-A9D5-4290-A668-4EFC006695F6}.Release|Any CPU.ActiveCfg = Release|Any CPU
		{4F3D9B9F-A9D5-4290-A668-4EFC006695F6}.Release|Any CPU.Build.0 = Release|Any CPU
		{BCDAF1A9-4492-41E7-AB49-2155A6E41A47}.Debug|Any CPU.ActiveCfg = Debug|Any CPU
		{BCDAF1A9-4492-41E7-AB49-2155A6E41A47}.Debug|Any CPU.Build.0 = Debug|Any CPU
		{BCDAF1A9-4492-41E7-AB49-2155A6E41A47}.Release|Any CPU.ActiveCfg = Release|Any CPU
		{BCDAF1A9-4492-41E7-AB49-2155A6E41A47}.Release|Any CPU.Build.0 = Release|Any CPU
		{C3134F0E-3421-465E-B827-C895FC98BBF0}.Debug|Any CPU.ActiveCfg = Debug|Any CPU
		{C3134F0E-3421-465E-B827-C895FC98BBF0}.Debug|Any CPU.Build.0 = Debug|Any CPU
		{C3134F0E-3421-465E-B827-C895FC98BBF0}.Release|Any CPU.ActiveCfg = Release|Any CPU
		{C3134F0E-3421-465E-B827-C895FC98BBF0}.Release|Any CPU.Build.0 = Release|Any CPU
	EndGlobalSection
	GlobalSection(SolutionProperties) = preSolution
		HideSolutionNode = FALSE
	EndGlobalSection
	GlobalSection(NestedProjects) = preSolution
		{9B53638A-A020-4AA3-9C2B-994295BA7470} = {67E818CE-F3A4-4592-A415-BE93CEBD74E0}
		{AF27DF0D-FAB9-46B8-ACFA-F2AFD3D99302} = {67E818CE-F3A4-4592-A415-BE93CEBD74E0}
		{E44A5FEC-029D-4E67-9ECD-08B9F5F3D467} = {67E818CE-F3A4-4592-A415-BE93CEBD74E0}
		{26C5D436-9445-4DA5-87A1-BE403C0DD196} = {67E818CE-F3A4-4592-A415-BE93CEBD74E0}
		{925848F0-0A77-4F7D-961D-5D1314646B52} = {67E818CE-F3A4-4592-A415-BE93CEBD74E0}
		{2CE62B5D-102C-4488-A1D2-350BA7BC6E3D} = {67E818CE-F3A4-4592-A415-BE93CEBD74E0}
		{234099EE-8584-4BAA-9B25-4C573EC4211F} = {67E818CE-F3A4-4592-A415-BE93CEBD74E0}
		{5992DD6F-B224-4C99-824E-C1CD20B78FEC} = {67E818CE-F3A4-4592-A415-BE93CEBD74E0}
		{303B72DA-93C5-4ABE-B9B2-AE9433EF5867} = {67E818CE-F3A4-4592-A415-BE93CEBD74E0}
		{F3846622-89BB-475B-808D-C41D14A3C974} = {E44A5FEC-029D-4E67-9ECD-08B9F5F3D467}
		{25C51581-8837-4DE0-9303-445DB46CAD69} = {E44A5FEC-029D-4E67-9ECD-08B9F5F3D467}
		{A8DFEB1F-D3A9-468D-8C36-8DDD5945EC8C} = {E44A5FEC-029D-4E67-9ECD-08B9F5F3D467}
		{7C943306-C022-4B59-A50D-4EBDA8CB0B96} = {E44A5FEC-029D-4E67-9ECD-08B9F5F3D467}
		{D3353260-0123-4FEA-BE47-01C1FB6DE179} = {26C5D436-9445-4DA5-87A1-BE403C0DD196}
		{25C51583-8837-4DE0-9303-445DB46CAD69} = {26C5D436-9445-4DA5-87A1-BE403C0DD196}
		{A8DFEB1F-D3A9-568D-8C36-8DDD5945EC8C} = {26C5D436-9445-4DA5-87A1-BE403C0DD196}
		{7CD43306-C022-4B59-A50D-4EBDA8CB0B96} = {26C5D436-9445-4DA5-87A1-BE403C0DD196}
		{0E9E616F-58E1-4630-9C17-4E06766F5D98} = {925848F0-0A77-4F7D-961D-5D1314646B52}
		{82121E2C-1C13-4FCC-A009-0D02020BC171} = {2CE62B5D-102C-4488-A1D2-350BA7BC6E3D}
		{AD80423F-7AC9-4C79-BEAA-FE42DEE754F7} = {9B53638A-A020-4AA3-9C2B-994295BA7470}
		{C2805B0B-A924-4A0C-B7ED-CEC00B55A868} = {234099EE-8584-4BAA-9B25-4C573EC4211F}
		{54FEF0CE-780D-437C-A5F9-C46828DECA46} = {5992DD6F-B224-4C99-824E-C1CD20B78FEC}
		{95BAE11A-2A24-459B-846A-622ED4E81965} = {AF27DF0D-FAB9-46B8-ACFA-F2AFD3D99302}
		{612961D2-DFF6-444D-A5D8-1E9A96B19F90} = {303B72DA-93C5-4ABE-B9B2-AE9433EF5867}
		{8F50A7DD-C84D-489A-BA9A-BB1D0A708733} = {2CE62B5D-102C-4488-A1D2-350BA7BC6E3D}
		{424D452C-7FD7-4F99-8F00-21B1E52F8A93} = {2CE62B5D-102C-4488-A1D2-350BA7BC6E3D}
		{F62BB698-3CEC-4728-9F3F-A050FC2B45CC} = {2CE62B5D-102C-4488-A1D2-350BA7BC6E3D}
		{07BF9657-7BF4-4AB4-8536-08EBA4AC6A02} = {9B53638A-A020-4AA3-9C2B-994295BA7470}
		{9F18023B-5BD9-4F85-AB21-95DE5A0E4437} = {9B53638A-A020-4AA3-9C2B-994295BA7470}
		{D005DF67-B39C-412C-817E-C98C4CDD2DD3} = {9B53638A-A020-4AA3-9C2B-994295BA7470}
		{6BF444DF-9090-4A6F-A1EA-706F993A6D18} = {234099EE-8584-4BAA-9B25-4C573EC4211F}
		{2459979C-6FB8-4CF2-BEC6-CBD21BC5F0FE} = {234099EE-8584-4BAA-9B25-4C573EC4211F}
		{44B97871-BEE1-48D6-957D-47FE8F52EC51} = {234099EE-8584-4BAA-9B25-4C573EC4211F}
		{1943A044-C143-449C-8006-1A11C9553B42} = {5992DD6F-B224-4C99-824E-C1CD20B78FEC}
		{A7D726E4-A384-43BE-A1A4-29AED9CB5B1F} = {5992DD6F-B224-4C99-824E-C1CD20B78FEC}
		{566989ED-4D6A-461D-B495-1DD04D297ABC} = {5992DD6F-B224-4C99-824E-C1CD20B78FEC}
		{4F3D9B9F-A9D5-4290-A668-4EFC006695F6} = {AF27DF0D-FAB9-46B8-ACFA-F2AFD3D99302}
		{BCDAF1A9-4492-41E7-AB49-2155A6E41A47} = {AF27DF0D-FAB9-46B8-ACFA-F2AFD3D99302}
		{C3134F0E-3421-465E-B827-C895FC98BBF0} = {AF27DF0D-FAB9-46B8-ACFA-F2AFD3D99302}
	EndGlobalSection
	GlobalSection(ExtensibilityGlobals) = postSolution
		SolutionGuid = {E093571D-5F8C-4D97-915F-EBFB2ACC6198}
	EndGlobalSection
EndGlobal
