
Microsoft Visual Studio Solution File, Format Version 12.00
# Visual Studio Version 17
VisualStudioVersion = 17.0.31903.59
MinimumVisualStudioVersion = 10.0.40219.1
Project("{2150E333-8FDC-42A3-9474-1A3956D46DE8}") = "Payment", "Payment", "{9B53638A-A020-4AA3-9C2B-994295BA7470}"
EndProject
Project("{2150E333-8FDC-42A3-9474-1A3956D46DE8}") = "Restaurant", "Restaurant", "{AF27DF0D-FAB9-46B8-ACFA-F2AFD3D99302}"
EndProject
Project("{2150E333-8FDC-42A3-9474-1A3956D46DE8}") = "Chat", "Chat", "{E44A5FEC-029D-4E67-9ECD-08B9F5F3D467}"
EndProject
Project("{2150E333-8FDC-42A3-9474-1A3956D46DE8}") = "EntityScreening", "EntityScreening", "{26C5D436-9445-4DA5-87A1-BE403C0DD196}"
EndProject
Project("{2150E333-8FDC-42A3-9474-1A3956D46DE8}") = "Identity", "Identity", "{925848F0-0A77-4F7D-961D-5D1314646B52}"
EndProject
Project("{2150E333-8FDC-42A3-9474-1A3956D46DE8}") = "Notifications", "Notifications", "{2CE62B5D-102C-4488-A1D2-350BA7BC6E3D}"
EndProject
Project("{2150E333-8FDC-42A3-9474-1A3956D46DE8}") = "Profiles", "Profiles", "{234099EE-8584-4BAA-9B25-4C573EC4211F}"
EndProject
Project("{2150E333-8FDC-42A3-9474-1A3956D46DE8}") = "Reporting", "Reporting", "{5992DD6F-B224-4C99-824E-C1CD20B78FEC}"
EndProject
Project("{2150E333-8FDC-42A3-9474-1A3956D46DE8}") = "Statistics", "Statistics", "{303B72DA-93C5-4ABE-B9B2-AE9433EF5867}"
EndProject
Project("{FAE04EC0-301F-11D3-BF4B-00C04F79EFBC}") = "TT.Chat", "Chat\src\TT.Chat\TT.Chat.csproj", "{F3846622-89BB-475B-808D-C41D14A3C974}"
EndProject
Project("{FAE04EC0-301F-11D3-BF4B-00C04F79EFBC}") = "TT.EntityScreening", "EntityScreening\src\TT.EntityScreening\TT.EntityScreening.csproj", "{D3353260-0123-4FEA-BE47-01C1FB6DE179}"
EndProject
Project("{FAE04EC0-301F-11D3-BF4B-00C04F79EFBC}") = "TT.Identity", "Identity\src\TT.Identity\TT.Identity.csproj", "{0E9E616F-58E1-4630-9C17-4E06766F5D98}"
EndProject
Project("{FAE04EC0-301F-11D3-BF4B-00C04F79EFBC}") = "TT.Notifications", "Notifications\src\TT.Notifications\TT.Notifications.csproj", "{82121E2C-1C13-4FCC-A009-0D02020BC171}"
EndProject
Project("{FAE04EC0-301F-11D3-BF4B-00C04F79EFBC}") = "TT.Payment", "Payment\src\TT.Payment\TT.Payment.csproj", "{AD80423F-7AC9-4C79-BEAA-FE42DEE754F7}"
EndProject
Project("{FAE04EC0-301F-11D3-BF4B-00C04F79EFBC}") = "TT.Payment", "Profiles\src\TT.Payment\TT.Payment.csproj", "{C2805B0B-A924-4A0C-B7ED-CEC00B55A868}"
EndProject
Project("{FAE04EC0-301F-11D3-BF4B-00C04F79EFBC}") = "TT.Reporting", "Reporting\src\TT.Reporting\TT.Reporting.csproj", "{54FEF0CE-780D-437C-A5F9-C46828DECA46}"
EndProject
Project("{FAE04EC0-301F-11D3-BF4B-00C04F79EFBC}") = "TT.Restaurant", "Restaurant\src\TT.Restaurant\TT.Restaurant.csproj", "{95BAE11A-2A24-459B-846A-622ED4E81965}"
EndProject
Project("{FAE04EC0-301F-11D3-BF4B-00C04F79EFBC}") = "TT.Statistics", "Statistics\src\TT.Statistics\TT.Statistics.csproj", "{612961D2-DFF6-444D-A5D8-1E9A96B19F90}"
EndProject
Global
	GlobalSection(SolutionConfigurationPlatforms) = preSolution
		Debug|Any CPU = Debug|Any CPU
		Release|Any CPU = Release|Any CPU
	EndGlobalSection
	GlobalSection(ProjectConfigurationPlatforms) = postSolution
		{F3846622-89BB-475B-808D-C41D14A3C974}.Debug|Any CPU.ActiveCfg = Debug|Any CPU
		{F3846622-89BB-475B-808D-C41D14A3C974}.Debug|Any CPU.Build.0 = Debug|Any CPU
		{F3846622-89BB-475B-808D-C41D14A3C974}.Release|Any CPU.ActiveCfg = Release|Any CPU
		{F3846622-89BB-475B-808D-C41D14A3C974}.Release|Any CPU.Build.0 = Release|Any CPU
		{D3353260-0123-4FEA-BE47-01C1FB6DE179}.Debug|Any CPU.ActiveCfg = Debug|Any CPU
		{D3353260-0123-4FEA-BE47-01C1FB6DE179}.Debug|Any CPU.Build.0 = Debug|Any CPU
		{D3353260-0123-4FEA-BE47-01C1FB6DE179}.Release|Any CPU.ActiveCfg = Release|Any CPU
		{D3353260-0123-4FEA-BE47-01C1FB6DE179}.Release|Any CPU.Build.0 = Release|Any CPU
		{0E9E616F-58E1-4630-9C17-4E06766F5D98}.Debug|Any CPU.ActiveCfg = Debug|Any CPU
		{0E9E616F-58E1-4630-9C17-4E06766F5D98}.Debug|Any CPU.Build.0 = Debug|Any CPU
		{0E9E616F-58E1-4630-9C17-4E06766F5D98}.Release|Any CPU.ActiveCfg = Release|Any CPU
		{0E9E616F-58E1-4630-9C17-4E06766F5D98}.Release|Any CPU.Build.0 = Release|Any CPU
		{82121E2C-1C13-4FCC-A009-0D02020BC171}.Debug|Any CPU.ActiveCfg = Debug|Any CPU
		{82121E2C-1C13-4FCC-A009-0D02020BC171}.Debug|Any CPU.Build.0 = Debug|Any CPU
		{82121E2C-1C13-4FCC-A009-0D02020BC171}.Release|Any CPU.ActiveCfg = Release|Any CPU
		{82121E2C-1C13-4FCC-A009-0D02020BC171}.Release|Any CPU.Build.0 = Release|Any CPU
		{AD80423F-7AC9-4C79-BEAA-FE42DEE754F7}.Debug|Any CPU.ActiveCfg = Debug|Any CPU
		{AD80423F-7AC9-4C79-BEAA-FE42DEE754F7}.Debug|Any CPU.Build.0 = Debug|Any CPU
		{AD80423F-7AC9-4C79-BEAA-FE42DEE754F7}.Release|Any CPU.ActiveCfg = Release|Any CPU
		{AD80423F-7AC9-4C79-BEAA-FE42DEE754F7}.Release|Any CPU.Build.0 = Release|Any CPU
		{C2805B0B-A924-4A0C-B7ED-CEC00B55A868}.Debug|Any CPU.ActiveCfg = Debug|Any CPU
		{C2805B0B-A924-4A0C-B7ED-CEC00B55A868}.Debug|Any CPU.Build.0 = Debug|Any CPU
		{C2805B0B-A924-4A0C-B7ED-CEC00B55A868}.Release|Any CPU.ActiveCfg = Release|Any CPU
		{C2805B0B-A924-4A0C-B7ED-CEC00B55A868}.Release|Any CPU.Build.0 = Release|Any CPU
		{54FEF0CE-780D-437C-A5F9-C46828DECA46}.Debug|Any CPU.ActiveCfg = Debug|Any CPU
		{54FEF0CE-780D-437C-A5F9-C46828DECA46}.Debug|Any CPU.Build.0 = Debug|Any CPU
		{54FEF0CE-780D-437C-A5F9-C46828DECA46}.Release|Any CPU.ActiveCfg = Release|Any CPU
		{54FEF0CE-780D-437C-A5F9-C46828DECA46}.Release|Any CPU.Build.0 = Release|Any CPU
		{95BAE11A-2A24-459B-846A-622ED4E81965}.Debug|Any CPU.ActiveCfg = Debug|Any CPU
		{95BAE11A-2A24-459B-846A-622ED4E81965}.Debug|Any CPU.Build.0 = Debug|Any CPU
		{95BAE11A-2A24-459B-846A-622ED4E81965}.Release|Any CPU.ActiveCfg = Release|Any CPU
		{95BAE11A-2A24-459B-846A-622ED4E81965}.Release|Any CPU.Build.0 = Release|Any CPU
		{612961D2-DFF6-444D-A5D8-1E9A96B19F90}.Debug|Any CPU.ActiveCfg = Debug|Any CPU
		{612961D2-DFF6-444D-A5D8-1E9A96B19F90}.Debug|Any CPU.Build.0 = Debug|Any CPU
		{612961D2-DFF6-444D-A5D8-1E9A96B19F90}.Release|Any CPU.ActiveCfg = Release|Any CPU
		{612961D2-DFF6-444D-A5D8-1E9A96B19F90}.Release|Any CPU.Build.0 = Release|Any CPU
	EndGlobalSection
	GlobalSection(SolutionProperties) = preSolution
		HideSolutionNode = FALSE
	EndGlobalSection
	GlobalSection(NestedProjects) = preSolution
		{F3846622-89BB-475B-808D-C41D14A3C974} = {E44A5FEC-029D-4E67-9ECD-08B9F5F3D467}
		{D3353260-0123-4FEA-BE47-01C1FB6DE179} = {26C5D436-9445-4DA5-87A1-BE403C0DD196}
		{0E9E616F-58E1-4630-9C17-4E06766F5D98} = {925848F0-0A77-4F7D-961D-5D1314646B52}
		{82121E2C-1C13-4FCC-A009-0D02020BC171} = {2CE62B5D-102C-4488-A1D2-350BA7BC6E3D}
		{AD80423F-7AC9-4C79-BEAA-FE42DEE754F7} = {9B53638A-A020-4AA3-9C2B-994295BA7470}
		{C2805B0B-A924-4A0C-B7ED-CEC00B55A868} = {234099EE-8584-4BAA-9B25-4C573EC4211F}
		{54FEF0CE-780D-437C-A5F9-C46828DECA46} = {5992DD6F-B224-4C99-824E-C1CD20B78FEC}
		{95BAE11A-2A24-459B-846A-622ED4E81965} = {AF27DF0D-FAB9-46B8-ACFA-F2AFD3D99302}
		{612961D2-DFF6-444D-A5D8-1E9A96B19F90} = {303B72DA-93C5-4ABE-B9B2-AE9433EF5867}
	EndGlobalSection
	GlobalSection(ExtensibilityGlobals) = postSolution
		SolutionGuid = {E093571D-5F8C-4D97-915F-EBFB2ACC6198}
	EndGlobalSection
EndGlobal
